
Microsoft Visual Studio Solution File, Format Version 12.00
# Visual Studio Version 16
VisualStudioVersion = 16.0.30114.105
MinimumVisualStudioVersion = 10.0.40219.1
Project("{FAE04EC0-301F-11D3-BF4B-00C04F79EFBC}") = "University", "University\University.csproj", "{546A414F-9A60-412C-84FC-1D5A3C801B11}"
EndProject
Project("{00D1A9C2-B5F0-4AF3-8072-F6C62B433612}") = "Database1", "Database1\Database1.sqlproj", "{97927A12-CA83-4D32-A286-2E0F319D70D3}"
EndProject
Global
	GlobalSection(SolutionConfigurationPlatforms) = preSolution
		Debug|Any CPU = Debug|Any CPU
		Release|Any CPU = Release|Any CPU
	EndGlobalSection
	GlobalSection(ProjectConfigurationPlatforms) = postSolution
		{546A414F-9A60-412C-84FC-1D5A3C801B11}.Debug|Any CPU.ActiveCfg = Debug|Any CPU
		{546A414F-9A60-412C-84FC-1D5A3C801B11}.Debug|Any CPU.Build.0 = Debug|Any CPU
		{546A414F-9A60-412C-84FC-1D5A3C801B11}.Release|Any CPU.ActiveCfg = Release|Any CPU
		{546A414F-9A60-412C-84FC-1D5A3C801B11}.Release|Any CPU.Build.0 = Release|Any CPU
		{97927A12-CA83-4D32-A286-2E0F319D70D3}.Debug|Any CPU.ActiveCfg = Debug|Any CPU
		{97927A12-CA83-4D32-A286-2E0F319D70D3}.Debug|Any CPU.Build.0 = Debug|Any CPU
		{97927A12-CA83-4D32-A286-2E0F319D70D3}.Debug|Any CPU.Deploy.0 = Debug|Any CPU
		{97927A12-CA83-4D32-A286-2E0F319D70D3}.Release|Any CPU.ActiveCfg = Release|Any CPU
		{97927A12-CA83-4D32-A286-2E0F319D70D3}.Release|Any CPU.Build.0 = Release|Any CPU
		{97927A12-CA83-4D32-A286-2E0F319D70D3}.Release|Any CPU.Deploy.0 = Release|Any CPU
	EndGlobalSection
	GlobalSection(SolutionProperties) = preSolution
		HideSolutionNode = FALSE
	EndGlobalSection
	GlobalSection(ExtensibilityGlobals) = postSolution
		SolutionGuid = {BDBEF859-6D45-4F53-8C92-D94372AD78FE}
	EndGlobalSection
EndGlobal
